
Microsoft Visual Studio Solution File, Format Version 12.00
# Visual Studio Version 17
VisualStudioVersion = 17.13.35825.156 d17.13
MinimumVisualStudioVersion = 10.0.40219.1
Project("{FAE04EC0-301F-11D3-BF4B-00C04F79EFBC}") = "Pcsx2-qt-EEMEM-Finder", "Pcsx2-qt-EEMEM-Finder.csproj", "{42B4EEDA-1082-44B8-8BCC-DFD914471055}"
EndProject
Global
	GlobalSection(SolutionConfigurationPlatforms) = preSolution
		Debug|Any CPU = Debug|Any CPU
		Release|Any CPU = Release|Any CPU
	EndGlobalSection
	GlobalSection(ProjectConfigurationPlatforms) = postSolution
		{42B4EEDA-1082-44B8-8BCC-DFD914471055}.Debug|Any CPU.ActiveCfg = Debug|Any CPU
		{42B4EEDA-1082-44B8-8BCC-DFD914471055}.Debug|Any CPU.Build.0 = Debug|Any CPU
		{42B4EEDA-1082-44B8-8BCC-DFD914471055}.Release|Any CPU.ActiveCfg = Release|Any CPU
		{42B4EEDA-1082-44B8-8BCC-DFD914471055}.Release|Any CPU.Build.0 = Release|Any CPU
	EndGlobalSection
	GlobalSection(SolutionProperties) = preSolution
		HideSolutionNode = FALSE
	EndGlobalSection
	GlobalSection(ExtensibilityGlobals) = postSolution
		SolutionGuid = {3BC6DBD8-7E2E-4062-8188-400BEAFB31BA}
	EndGlobalSection
EndGlobal
